
Microsoft Visual Studio Solution File, Format Version 12.00
# Visual Studio Version 17
VisualStudioVersion = 17.1.32328.378
MinimumVisualStudioVersion = 10.0.40219.1
Project("{FAE04EC0-301F-11D3-BF4B-00C04F79EFBC}") = "Bloody", "Bloody.csproj", "{375C67D4-7F7D-4F4F-A322-D9F5D433B105}"
EndProject
Global
	GlobalSection(SolutionConfigurationPlatforms) = preSolution
		Debug|Any CPU = Debug|Any CPU
		Release|Any CPU = Release|Any CPU
	EndGlobalSection
	GlobalSection(ProjectConfigurationPlatforms) = postSolution
		{375C67D4-7F7D-4F4F-A322-D9F5D433B105}.Debug|Any CPU.ActiveCfg = Debug|Any CPU
		{375C67D4-7F7D-4F4F-A322-D9F5D433B105}.Debug|Any CPU.Build.0 = Debug|Any CPU
		{375C67D4-7F7D-4F4F-A322-D9F5D433B105}.Release|Any CPU.ActiveCfg = Release|Any CPU
		{375C67D4-7F7D-4F4F-A322-D9F5D433B105}.Release|Any CPU.Build.0 = Release|Any CPU
	EndGlobalSection
	GlobalSection(SolutionProperties) = preSolution
		HideSolutionNode = FALSE
	EndGlobalSection
	GlobalSection(ExtensibilityGlobals) = postSolution
		SolutionGuid = {282B9842-BD5A-40D9-96B1-5AFA87142B54}
	EndGlobalSection
EndGlobal
